
Microsoft Visual Studio Solution File, Format Version 12.00
Project("{FAE04EC0-301F-11D3-BF4B-00C04F79EFBC}") = "AdventOfCode2019", "AdventOfCode2019\AdventOfCode2019.csproj", "{910D139A-48CD-42AA-BB71-4EED5E382FAE}"
EndProject
Project("{FAE04EC0-301F-11D3-BF4B-00C04F79EFBC}") = "AdventOfCode2019Tests", "AdventOfCode2019Tests\AdventOfCode2019Tests.csproj", "{C0B4278E-8E22-400F-B3B8-5984CA2019B9}"
EndProject
Global
	GlobalSection(SolutionConfigurationPlatforms) = preSolution
		Debug|Any CPU = Debug|Any CPU
		Release|Any CPU = Release|Any CPU
	EndGlobalSection
	GlobalSection(ProjectConfigurationPlatforms) = postSolution
		{910D139A-48CD-42AA-BB71-4EED5E382FAE}.Debug|Any CPU.ActiveCfg = Debug|Any CPU
		{910D139A-48CD-42AA-BB71-4EED5E382FAE}.Debug|Any CPU.Build.0 = Debug|Any CPU
		{910D139A-48CD-42AA-BB71-4EED5E382FAE}.Release|Any CPU.ActiveCfg = Release|Any CPU
		{910D139A-48CD-42AA-BB71-4EED5E382FAE}.Release|Any CPU.Build.0 = Release|Any CPU
		{C0B4278E-8E22-400F-B3B8-5984CA2019B9}.Debug|Any CPU.ActiveCfg = Debug|Any CPU
		{C0B4278E-8E22-400F-B3B8-5984CA2019B9}.Debug|Any CPU.Build.0 = Debug|Any CPU
		{C0B4278E-8E22-400F-B3B8-5984CA2019B9}.Release|Any CPU.ActiveCfg = Release|Any CPU
		{C0B4278E-8E22-400F-B3B8-5984CA2019B9}.Release|Any CPU.Build.0 = Release|Any CPU
	EndGlobalSection
EndGlobal
