
Microsoft Visual Studio Solution File, Format Version 12.00
# Visual Studio Version 16
VisualStudioVersion = 16.0.29609.76
MinimumVisualStudioVersion = 10.0.40219.1
Project("{9A19103F-16F7-4668-BE54-9A1E7A4F7556}") = "AdventOfCode2019.DayNineTests", "AdventOfCode2019.DayNineTests\AdventOfCode2019.DayNineTests.csproj", "{F259761B-C70C-4FB6-B662-6904230FF14F}"
EndProject
Project("{9A19103F-16F7-4668-BE54-9A1E7A4F7556}") = "AdventOfCode2019.DayFive", "..\..\5\csharp\AdventOfCode2019.DayFive\AdventOfCode2019.DayFive.csproj", "{AFBCB34E-BF53-48F7-9B48-7B1F1A96FFEB}"
EndProject
Project("{9A19103F-16F7-4668-BE54-9A1E7A4F7556}") = "AdventOfCode2019.DayFiveTests", "..\..\5\csharp\AdventOfCode2019.DayFiveTests\AdventOfCode2019.DayFiveTests.csproj", "{98464A44-6210-4D22-85F9-EE823BF996A8}"
EndProject
Project("{9A19103F-16F7-4668-BE54-9A1E7A4F7556}") = "AdventOfCode2019.DayNine", "AdventOfCode2019.DayNine\AdventOfCode2019.DayNine.csproj", "{0E865374-AE44-44EA-AC72-DB633064050F}"
EndProject
Global
	GlobalSection(SolutionConfigurationPlatforms) = preSolution
		Debug|Any CPU = Debug|Any CPU
		Release|Any CPU = Release|Any CPU
	EndGlobalSection
	GlobalSection(ProjectConfigurationPlatforms) = postSolution
		{F259761B-C70C-4FB6-B662-6904230FF14F}.Debug|Any CPU.ActiveCfg = Debug|Any CPU
		{F259761B-C70C-4FB6-B662-6904230FF14F}.Debug|Any CPU.Build.0 = Debug|Any CPU
		{F259761B-C70C-4FB6-B662-6904230FF14F}.Release|Any CPU.ActiveCfg = Release|Any CPU
		{F259761B-C70C-4FB6-B662-6904230FF14F}.Release|Any CPU.Build.0 = Release|Any CPU
		{AFBCB34E-BF53-48F7-9B48-7B1F1A96FFEB}.Debug|Any CPU.ActiveCfg = Debug|Any CPU
		{AFBCB34E-BF53-48F7-9B48-7B1F1A96FFEB}.Debug|Any CPU.Build.0 = Debug|Any CPU
		{AFBCB34E-BF53-48F7-9B48-7B1F1A96FFEB}.Release|Any CPU.ActiveCfg = Release|Any CPU
		{AFBCB34E-BF53-48F7-9B48-7B1F1A96FFEB}.Release|Any CPU.Build.0 = Release|Any CPU
		{98464A44-6210-4D22-85F9-EE823BF996A8}.Debug|Any CPU.ActiveCfg = Debug|Any CPU
		{98464A44-6210-4D22-85F9-EE823BF996A8}.Debug|Any CPU.Build.0 = Debug|Any CPU
		{98464A44-6210-4D22-85F9-EE823BF996A8}.Release|Any CPU.ActiveCfg = Release|Any CPU
		{98464A44-6210-4D22-85F9-EE823BF996A8}.Release|Any CPU.Build.0 = Release|Any CPU
		{0E865374-AE44-44EA-AC72-DB633064050F}.Debug|Any CPU.ActiveCfg = Debug|Any CPU
		{0E865374-AE44-44EA-AC72-DB633064050F}.Debug|Any CPU.Build.0 = Debug|Any CPU
		{0E865374-AE44-44EA-AC72-DB633064050F}.Release|Any CPU.ActiveCfg = Release|Any CPU
		{0E865374-AE44-44EA-AC72-DB633064050F}.Release|Any CPU.Build.0 = Release|Any CPU
	EndGlobalSection
	GlobalSection(SolutionProperties) = preSolution
		HideSolutionNode = FALSE
	EndGlobalSection
	GlobalSection(ExtensibilityGlobals) = postSolution
		SolutionGuid = {4D64F585-8AD5-4A7A-980F-03C77381C12B}
	EndGlobalSection
EndGlobal
