
Microsoft Visual Studio Solution File, Format Version 12.00
# Visual Studio Version 16
VisualStudioVersion = 16.0.29503.13
MinimumVisualStudioVersion = 10.0.40219.1
Project("{9A19103F-16F7-4668-BE54-9A1E7A4F7556}") = "AdventOfCode2019.DayOneTests", "AdventOfCode2019.DayOneTests\AdventOfCode2019.DayOneTests.csproj", "{F68DC333-7668-4752-99B6-50A10D54C09C}"
EndProject
Project("{FAE04EC0-301F-11D3-BF4B-00C04F79EFBC}") = "AdventOfCode2019.DayOne", "AdventOfCode2019.DayOne\AdventOfCode2019.DayOne.csproj", "{8CD59F59-5500-436E-A916-C98F30DF68CB}"
EndProject
Global
	GlobalSection(SolutionConfigurationPlatforms) = preSolution
		Debug|Any CPU = Debug|Any CPU
		Release|Any CPU = Release|Any CPU
	EndGlobalSection
	GlobalSection(ProjectConfigurationPlatforms) = postSolution
		{F68DC333-7668-4752-99B6-50A10D54C09C}.Debug|Any CPU.ActiveCfg = Debug|Any CPU
		{F68DC333-7668-4752-99B6-50A10D54C09C}.Debug|Any CPU.Build.0 = Debug|Any CPU
		{F68DC333-7668-4752-99B6-50A10D54C09C}.Release|Any CPU.ActiveCfg = Release|Any CPU
		{F68DC333-7668-4752-99B6-50A10D54C09C}.Release|Any CPU.Build.0 = Release|Any CPU
		{8CD59F59-5500-436E-A916-C98F30DF68CB}.Debug|Any CPU.ActiveCfg = Debug|Any CPU
		{8CD59F59-5500-436E-A916-C98F30DF68CB}.Debug|Any CPU.Build.0 = Debug|Any CPU
		{8CD59F59-5500-436E-A916-C98F30DF68CB}.Release|Any CPU.ActiveCfg = Release|Any CPU
		{8CD59F59-5500-436E-A916-C98F30DF68CB}.Release|Any CPU.Build.0 = Release|Any CPU
	EndGlobalSection
	GlobalSection(SolutionProperties) = preSolution
		HideSolutionNode = FALSE
	EndGlobalSection
	GlobalSection(ExtensibilityGlobals) = postSolution
		SolutionGuid = {3739DC96-6A07-4E80-8719-5870AC1391DA}
	EndGlobalSection
EndGlobal
